
Microsoft Visual Studio Solution File, Format Version 12.00
# Visual Studio Version 17
VisualStudioVersion = 17.5.002.0
MinimumVisualStudioVersion = 10.0.40219.1
Project("{2150E333-8FDC-42A3-9474-1A3956D46DE8}") = "week01", "week01", "{70E4C6F9-745A-4E7E-9FB4-B62E9583737F}"
EndProject
Project("{9A19103F-16F7-4668-BE54-9A1E7A4F7556}") = "code", "week01\code\code.csproj", "{327BF7C5-E653-4254-B894-C373B10BEE35}"
EndProject
Project("{9A19103F-16F7-4668-BE54-9A1E7A4F7556}") = "analyze", "week01\analyze\analyze.csproj", "{23B2DDCA-980C-44C1-9D29-97CAF5493965}"
EndProject
Project("{9A19103F-16F7-4668-BE54-9A1E7A4F7556}") = "teach", "week01\teach\teach.csproj", "{EE5DBAD4-C28F-4106-81BB-C0B362C44548}"
EndProject
Project("{2150E333-8FDC-42A3-9474-1A3956D46DE8}") = "week06", "week06", "{2BC94942-1696-4D9A-AC5C-2AB8A279B1B8}"
EndProject
Project("{9A19103F-16F7-4668-BE54-9A1E7A4F7556}") = "code", "week06\code\code.csproj", "{81863A8C-E395-41EA-9DC3-97874097D866}"
EndProject
Project("{2150E333-8FDC-42A3-9474-1A3956D46DE8}") = "sandbox", "sandbox", "{F83DDCA0-A1A1-47DD-BF1C-6FD2B5D55A1B}"
EndProject
Project("{9A19103F-16F7-4668-BE54-9A1E7A4F7556}") = "sandbox_project", "sandbox\sandbox_project\sandbox_project.csproj", "{EB9E04F4-DCE2-4C60-B393-CE60A60EBC4F}"
EndProject
Project("{2150E333-8FDC-42A3-9474-1A3956D46DE8}") = "week05", "week05", "{D0D8D620-9318-4A49-91C2-139360BCB1E5}"
EndProject
Project("{9A19103F-16F7-4668-BE54-9A1E7A4F7556}") = "code", "week05\code\code.csproj", "{4042685D-EAE0-4A86-B261-8E3991AEE82F}"
EndProject
Project("{2150E333-8FDC-42A3-9474-1A3956D46DE8}") = "week02", "week02", "{72A9D261-A26B-45A4-B55A-7B417B48EDCF}"
EndProject
Project("{9A19103F-16F7-4668-BE54-9A1E7A4F7556}") = "learn", "week02\learn\learn.csproj", "{FFA3D743-9ABC-422A-A5C3-FA47959ECE46}"
EndProject
Project("{9A19103F-16F7-4668-BE54-9A1E7A4F7556}") = "code", "week02\code\code.csproj", "{2964DEF1-CBB0-4E05-8EAB-12783BF80D7F}"
EndProject
Project("{9A19103F-16F7-4668-BE54-9A1E7A4F7556}") = "analyze", "week02\analyze\analyze.csproj", "{A95DCA93-6433-4081-8646-DB107F1EB272}"
EndProject
Project("{9A19103F-16F7-4668-BE54-9A1E7A4F7556}") = "teach", "week02\teach\teach.csproj", "{4C33439C-5DDF-4CD3-9102-B8F15C0A81E2}"
EndProject
Project("{2150E333-8FDC-42A3-9474-1A3956D46DE8}") = "week03", "week03", "{AF1C9A85-7E5C-477E-9DA3-700B23B0BC7F}"
EndProject
Project("{9A19103F-16F7-4668-BE54-9A1E7A4F7556}") = "learn", "week03\learn\learn.csproj", "{32D6B6C0-E69F-465C-9E03-6F43C3A8DFC6}"
EndProject
Project("{9A19103F-16F7-4668-BE54-9A1E7A4F7556}") = "code", "week03\code\code.csproj", "{B53466D9-AF96-41FD-AFC2-E4A9C1F446F6}"
EndProject
Project("{9A19103F-16F7-4668-BE54-9A1E7A4F7556}") = "teach", "week03\teach\teach.csproj", "{DBF762D1-1906-4525-BBBA-6E236F3797D4}"
EndProject
Project("{2150E333-8FDC-42A3-9474-1A3956D46DE8}") = "week04", "week04", "{25D6A78B-A3A1-4319-9C50-F8241A2E989E}"
EndProject
Project("{9A19103F-16F7-4668-BE54-9A1E7A4F7556}") = "code", "week04\code\code.csproj", "{64E1E115-EC43-4349-B1A7-C78186DAFC11}"
EndProject
Global
	GlobalSection(SolutionConfigurationPlatforms) = preSolution
		Debug|Any CPU = Debug|Any CPU
		Release|Any CPU = Release|Any CPU
	EndGlobalSection
	GlobalSection(ProjectConfigurationPlatforms) = postSolution
		{327BF7C5-E653-4254-B894-C373B10BEE35}.Debug|Any CPU.ActiveCfg = Debug|Any CPU
		{327BF7C5-E653-4254-B894-C373B10BEE35}.Debug|Any CPU.Build.0 = Debug|Any CPU
		{327BF7C5-E653-4254-B894-C373B10BEE35}.Release|Any CPU.ActiveCfg = Release|Any CPU
		{327BF7C5-E653-4254-B894-C373B10BEE35}.Release|Any CPU.Build.0 = Release|Any CPU
		{23B2DDCA-980C-44C1-9D29-97CAF5493965}.Debug|Any CPU.ActiveCfg = Debug|Any CPU
		{23B2DDCA-980C-44C1-9D29-97CAF5493965}.Debug|Any CPU.Build.0 = Debug|Any CPU
		{23B2DDCA-980C-44C1-9D29-97CAF5493965}.Release|Any CPU.ActiveCfg = Release|Any CPU
		{23B2DDCA-980C-44C1-9D29-97CAF5493965}.Release|Any CPU.Build.0 = Release|Any CPU
		{EE5DBAD4-C28F-4106-81BB-C0B362C44548}.Debug|Any CPU.ActiveCfg = Debug|Any CPU
		{EE5DBAD4-C28F-4106-81BB-C0B362C44548}.Debug|Any CPU.Build.0 = Debug|Any CPU
		{EE5DBAD4-C28F-4106-81BB-C0B362C44548}.Release|Any CPU.ActiveCfg = Release|Any CPU
		{EE5DBAD4-C28F-4106-81BB-C0B362C44548}.Release|Any CPU.Build.0 = Release|Any CPU
		{81863A8C-E395-41EA-9DC3-97874097D866}.Debug|Any CPU.ActiveCfg = Debug|Any CPU
		{81863A8C-E395-41EA-9DC3-97874097D866}.Debug|Any CPU.Build.0 = Debug|Any CPU
		{81863A8C-E395-41EA-9DC3-97874097D866}.Release|Any CPU.ActiveCfg = Release|Any CPU
		{81863A8C-E395-41EA-9DC3-97874097D866}.Release|Any CPU.Build.0 = Release|Any CPU
		{EB9E04F4-DCE2-4C60-B393-CE60A60EBC4F}.Debug|Any CPU.ActiveCfg = Debug|Any CPU
		{EB9E04F4-DCE2-4C60-B393-CE60A60EBC4F}.Debug|Any CPU.Build.0 = Debug|Any CPU
		{EB9E04F4-DCE2-4C60-B393-CE60A60EBC4F}.Release|Any CPU.ActiveCfg = Release|Any CPU
		{EB9E04F4-DCE2-4C60-B393-CE60A60EBC4F}.Release|Any CPU.Build.0 = Release|Any CPU
		{4042685D-EAE0-4A86-B261-8E3991AEE82F}.Debug|Any CPU.ActiveCfg = Debug|Any CPU
		{4042685D-EAE0-4A86-B261-8E3991AEE82F}.Debug|Any CPU.Build.0 = Debug|Any CPU
		{4042685D-EAE0-4A86-B261-8E3991AEE82F}.Release|Any CPU.ActiveCfg = Release|Any CPU
		{4042685D-EAE0-4A86-B261-8E3991AEE82F}.Release|Any CPU.Build.0 = Release|Any CPU
		{FFA3D743-9ABC-422A-A5C3-FA47959ECE46}.Debug|Any CPU.ActiveCfg = Debug|Any CPU
		{FFA3D743-9ABC-422A-A5C3-FA47959ECE46}.Debug|Any CPU.Build.0 = Debug|Any CPU
		{FFA3D743-9ABC-422A-A5C3-FA47959ECE46}.Release|Any CPU.ActiveCfg = Release|Any CPU
		{FFA3D743-9ABC-422A-A5C3-FA47959ECE46}.Release|Any CPU.Build.0 = Release|Any CPU
		{2964DEF1-CBB0-4E05-8EAB-12783BF80D7F}.Debug|Any CPU.ActiveCfg = Debug|Any CPU
		{2964DEF1-CBB0-4E05-8EAB-12783BF80D7F}.Debug|Any CPU.Build.0 = Debug|Any CPU
		{2964DEF1-CBB0-4E05-8EAB-12783BF80D7F}.Release|Any CPU.ActiveCfg = Release|Any CPU
		{2964DEF1-CBB0-4E05-8EAB-12783BF80D7F}.Release|Any CPU.Build.0 = Release|Any CPU
		{A95DCA93-6433-4081-8646-DB107F1EB272}.Debug|Any CPU.ActiveCfg = Debug|Any CPU
		{A95DCA93-6433-4081-8646-DB107F1EB272}.Debug|Any CPU.Build.0 = Debug|Any CPU
		{A95DCA93-6433-4081-8646-DB107F1EB272}.Release|Any CPU.ActiveCfg = Release|Any CPU
		{A95DCA93-6433-4081-8646-DB107F1EB272}.Release|Any CPU.Build.0 = Release|Any CPU
		{4C33439C-5DDF-4CD3-9102-B8F15C0A81E2}.Debug|Any CPU.ActiveCfg = Debug|Any CPU
		{4C33439C-5DDF-4CD3-9102-B8F15C0A81E2}.Debug|Any CPU.Build.0 = Debug|Any CPU
		{4C33439C-5DDF-4CD3-9102-B8F15C0A81E2}.Release|Any CPU.ActiveCfg = Release|Any CPU
		{4C33439C-5DDF-4CD3-9102-B8F15C0A81E2}.Release|Any CPU.Build.0 = Release|Any CPU
		{32D6B6C0-E69F-465C-9E03-6F43C3A8DFC6}.Debug|Any CPU.ActiveCfg = Debug|Any CPU
		{32D6B6C0-E69F-465C-9E03-6F43C3A8DFC6}.Debug|Any CPU.Build.0 = Debug|Any CPU
		{32D6B6C0-E69F-465C-9E03-6F43C3A8DFC6}.Release|Any CPU.ActiveCfg = Release|Any CPU
		{32D6B6C0-E69F-465C-9E03-6F43C3A8DFC6}.Release|Any CPU.Build.0 = Release|Any CPU
		{B53466D9-AF96-41FD-AFC2-E4A9C1F446F6}.Debug|Any CPU.ActiveCfg = Debug|Any CPU
		{B53466D9-AF96-41FD-AFC2-E4A9C1F446F6}.Debug|Any CPU.Build.0 = Debug|Any CPU
		{B53466D9-AF96-41FD-AFC2-E4A9C1F446F6}.Release|Any CPU.ActiveCfg = Release|Any CPU
		{B53466D9-AF96-41FD-AFC2-E4A9C1F446F6}.Release|Any CPU.Build.0 = Release|Any CPU
		{DBF762D1-1906-4525-BBBA-6E236F3797D4}.Debug|Any CPU.ActiveCfg = Debug|Any CPU
		{DBF762D1-1906-4525-BBBA-6E236F3797D4}.Debug|Any CPU.Build.0 = Debug|Any CPU
		{DBF762D1-1906-4525-BBBA-6E236F3797D4}.Release|Any CPU.ActiveCfg = Release|Any CPU
		{DBF762D1-1906-4525-BBBA-6E236F3797D4}.Release|Any CPU.Build.0 = Release|Any CPU
		{64E1E115-EC43-4349-B1A7-C78186DAFC11}.Debug|Any CPU.ActiveCfg = Debug|Any CPU
		{64E1E115-EC43-4349-B1A7-C78186DAFC11}.Debug|Any CPU.Build.0 = Debug|Any CPU
		{64E1E115-EC43-4349-B1A7-C78186DAFC11}.Release|Any CPU.ActiveCfg = Release|Any CPU
		{64E1E115-EC43-4349-B1A7-C78186DAFC11}.Release|Any CPU.Build.0 = Release|Any CPU
	EndGlobalSection
	GlobalSection(SolutionProperties) = preSolution
		HideSolutionNode = FALSE
	EndGlobalSection
	GlobalSection(NestedProjects) = preSolution
		{327BF7C5-E653-4254-B894-C373B10BEE35} = {70E4C6F9-745A-4E7E-9FB4-B62E9583737F}
		{23B2DDCA-980C-44C1-9D29-97CAF5493965} = {70E4C6F9-745A-4E7E-9FB4-B62E9583737F}
		{EE5DBAD4-C28F-4106-81BB-C0B362C44548} = {70E4C6F9-745A-4E7E-9FB4-B62E9583737F}
		{81863A8C-E395-41EA-9DC3-97874097D866} = {2BC94942-1696-4D9A-AC5C-2AB8A279B1B8}
		{EB9E04F4-DCE2-4C60-B393-CE60A60EBC4F} = {F83DDCA0-A1A1-47DD-BF1C-6FD2B5D55A1B}
		{4042685D-EAE0-4A86-B261-8E3991AEE82F} = {D0D8D620-9318-4A49-91C2-139360BCB1E5}
		{FFA3D743-9ABC-422A-A5C3-FA47959ECE46} = {72A9D261-A26B-45A4-B55A-7B417B48EDCF}
		{2964DEF1-CBB0-4E05-8EAB-12783BF80D7F} = {72A9D261-A26B-45A4-B55A-7B417B48EDCF}
		{A95DCA93-6433-4081-8646-DB107F1EB272} = {72A9D261-A26B-45A4-B55A-7B417B48EDCF}
		{4C33439C-5DDF-4CD3-9102-B8F15C0A81E2} = {72A9D261-A26B-45A4-B55A-7B417B48EDCF}
		{32D6B6C0-E69F-465C-9E03-6F43C3A8DFC6} = {AF1C9A85-7E5C-477E-9DA3-700B23B0BC7F}
		{B53466D9-AF96-41FD-AFC2-E4A9C1F446F6} = {AF1C9A85-7E5C-477E-9DA3-700B23B0BC7F}
		{DBF762D1-1906-4525-BBBA-6E236F3797D4} = {AF1C9A85-7E5C-477E-9DA3-700B23B0BC7F}
		{64E1E115-EC43-4349-B1A7-C78186DAFC11} = {25D6A78B-A3A1-4319-9C50-F8241A2E989E}
	EndGlobalSection
	GlobalSection(ExtensibilityGlobals) = postSolution
		SolutionGuid = {AB9B9471-1781-45BC-A8BF-BCA196D2CE94}
	EndGlobalSection
EndGlobal
